{
  "name": "@gyga-browser/webmcp-ai",
  "version": "0.3.0-alpha.0",
  "lockfileVersion": 3,
  "requires": true,
  "packages": {
    "": {
      "name": "@gyga-browser/webmcp-ai",
      "version": "0.3.0-alpha.0",
      "license": "MIT",
      "bin": {
        "webmcp-ai": "bin/webmcp-ai.mjs"
      },
      "engines": {
        "node": ">=18"
      }
    }
  }
}
